
Microsoft Visual Studio Solution File, Format Version 12.00
# Visual Studio Version 16
VisualStudioVersion = 16.0.30503.244
MinimumVisualStudioVersion = 10.0.40219.1
Project("{9A19103F-16F7-4668-BE54-9A1E7A4F7556}") = "ASM_GUI", "ASM_GUI\ASM_GUI.csproj", "{2E110099-5CB3-4848-9488-02E1D90B1C48}"
EndProject
Project("{FAE04EC0-301F-11D3-BF4B-00C04F79EFBC}") = "ASM", "ASM_Library\ASM.csproj", "{60C71B40-1B46-4E69-8AB3-4BD25F08B9C1}"
EndProject
Project("{FAE04EC0-301F-11D3-BF4B-00C04F79EFBC}") = "ASMTests", "ASMTests\ASMTests.csproj", "{D4A2C1DE-B017-4A7A-A10E-6982D9253F42}"
EndProject
Global
	GlobalSection(SolutionConfigurationPlatforms) = preSolution
		Debug|Any CPU = Debug|Any CPU
		Release|Any CPU = Release|Any CPU
	EndGlobalSection
	GlobalSection(ProjectConfigurationPlatforms) = postSolution
		{2E110099-5CB3-4848-9488-02E1D90B1C48}.Debug|Any CPU.ActiveCfg = Debug|Any CPU
		{2E110099-5CB3-4848-9488-02E1D90B1C48}.Debug|Any CPU.Build.0 = Debug|Any CPU
		{2E110099-5CB3-4848-9488-02E1D90B1C48}.Release|Any CPU.ActiveCfg = Release|Any CPU
		{2E110099-5CB3-4848-9488-02E1D90B1C48}.Release|Any CPU.Build.0 = Release|Any CPU
		{60C71B40-1B46-4E69-8AB3-4BD25F08B9C1}.Debug|Any CPU.ActiveCfg = Debug|Any CPU
		{60C71B40-1B46-4E69-8AB3-4BD25F08B9C1}.Debug|Any CPU.Build.0 = Debug|Any CPU
		{60C71B40-1B46-4E69-8AB3-4BD25F08B9C1}.Release|Any CPU.ActiveCfg = Release|Any CPU
		{60C71B40-1B46-4E69-8AB3-4BD25F08B9C1}.Release|Any CPU.Build.0 = Release|Any CPU
		{D4A2C1DE-B017-4A7A-A10E-6982D9253F42}.Debug|Any CPU.ActiveCfg = Debug|Any CPU
		{D4A2C1DE-B017-4A7A-A10E-6982D9253F42}.Debug|Any CPU.Build.0 = Debug|Any CPU
		{D4A2C1DE-B017-4A7A-A10E-6982D9253F42}.Release|Any CPU.ActiveCfg = Release|Any CPU
		{D4A2C1DE-B017-4A7A-A10E-6982D9253F42}.Release|Any CPU.Build.0 = Release|Any CPU
	EndGlobalSection
	GlobalSection(SolutionProperties) = preSolution
		HideSolutionNode = FALSE
	EndGlobalSection
	GlobalSection(ExtensibilityGlobals) = postSolution
		SolutionGuid = {7CAA3FED-8E6E-44CA-89BF-C3C90BF4ED65}
	EndGlobalSection
EndGlobal
